{
  "version": 4,
  "terraform_version": "1.15.6",
  "serial": 1,
  "lineage": "3b400b33-f65e-55e2-363e-7d82b27de0b9",
  "outputs": {
    "db_name": {
      "value": "lendingdb",
      "type": "string"
    },
    "db_username": {
      "value": "lending_admin",
      "type": "string",
      "sensitive": true
    }
  },
  "resources": [
    {
      "mode": "managed",
      "type": "aws_security_group",
      "name": "rds_sg",
      "provider": "provider[\"registry.terraform.io/hashicorp/aws\"]",
      "instances": [
        {
          "schema_version": 1,
          "attributes": {
            "arn": "arn:aws:ec2:us-east-1:606120284604:security-group/sg-05f4b43d70adc5f0a",
            "description": "Allow PostgreSQL access",
            "egress": [
              {
                "cidr_blocks": [
                  "0.0.0.0/0"
                ],
                "description": "",
                "from_port": 0,
                "ipv6_cidr_blocks": [],
                "prefix_list_ids": [],
                "protocol": "-1",
                "security_groups": [],
                "self": false,
                "to_port": 0
              }
            ],
            "id": "sg-05f4b43d70adc5f0a",
            "ingress": [
              {
                "cidr_blocks": [
                  "0.0.0.0/0"
                ],
                "description": "",
                "from_port": 5432,
                "ipv6_cidr_blocks": [],
                "prefix_list_ids": [],
                "protocol": "tcp",
                "security_groups": [],
                "self": false,
                "to_port": 5432
              }
            ],
            "name": "lending_rds_sg",
            "name_prefix": "",
            "owner_id": "606120284604",
            "revoke_rules_on_delete": false,
            "tags": {
              "Name": "lending-rds-sg"
            },
            "tags_all": {
              "Name": "lending-rds-sg"
            },
            "timeouts": null,
            "vpc_id": "vpc-0131e7d1707397fb7"
          },
          "sensitive_attributes": [],
          "identity_schema_version": 0,
          "private": "eyJlMmJmYjczMC1lY2FhLTExZTYtOGY4OC0zNDM2M2JjN2M0YzAiOnsiY3JlYXRlIjo2MDAwMDAwMDAwMDAsImRlbGV0ZSI6OTAwMDAwMDAwMDAwfSwic2NoZW1hX3ZlcnNpb24iOiIxIn0="
        }
      ]
    }
  ],
  "check_results": null
}
